
Microsoft Visual Studio Solution File, Format Version 12.00
# Visual Studio Version 17
VisualStudioVersion = 17.8.34316.72
MinimumVisualStudioVersion = 10.0.40219.1
Project("{FAE04EC0-301F-11D3-BF4B-00C04F79EFBC}") = "IMG2PDF", "IMG2PDF.csproj", "{2B75DEEA-0EA3-4B39-B802-C55D366C7604}"
EndProject
Global
	GlobalSection(SolutionConfigurationPlatforms) = preSolution
		Debug|Any CPU = Debug|Any CPU
		Release|Any CPU = Release|Any CPU
	EndGlobalSection
	GlobalSection(ProjectConfigurationPlatforms) = postSolution
		{2B75DEEA-0EA3-4B39-B802-C55D366C7604}.Debug|Any CPU.ActiveCfg = Debug|Any CPU
		{2B75DEEA-0EA3-4B39-B802-C55D366C7604}.Debug|Any CPU.Build.0 = Debug|Any CPU
		{2B75DEEA-0EA3-4B39-B802-C55D366C7604}.Release|Any CPU.ActiveCfg = Release|Any CPU
		{2B75DEEA-0EA3-4B39-B802-C55D366C7604}.Release|Any CPU.Build.0 = Release|Any CPU
	EndGlobalSection
	GlobalSection(SolutionProperties) = preSolution
		HideSolutionNode = FALSE
	EndGlobalSection
	GlobalSection(ExtensibilityGlobals) = postSolution
		SolutionGuid = {2F056185-B629-4901-8D7C-9A0F2FD17455}
	EndGlobalSection
EndGlobal
